<?xml version="1.0" encoding="UTF-8" standalone="yes" ?>
<CodeBlocks_project_file>
	<FileVersion major="1" minor="6" />
	<Project>
		<Option title="CaveSurvey" />
		<Option pch_mode="2" />
		<Option compiler="gcc" />
		<Build>
			<Target title="Debug">
				<Option output="bin/Debug/CaveSurvey" prefix_auto="1" extension_auto="1" />
				<Option object_output="obj/Debug/" />
				<Option type="1" />
				<Option compiler="gcc" />
				<Option parameters="L_Main.csv" />
				<Compiler>
					<Add option="-std=c++11" />
					<Add option="-g" />
					<Add directory="include" />
				</Compiler>
			</Target>
			<Target title="Release">
				<Option output="bin/Release/CaveSurvey" prefix_auto="1" extension_auto="1" />
				<Option object_output="obj/Release/" />
				<Option type="1" />
				<Option compiler="gcc" />
				<Compiler>
					<Add option="-O2" />
					<Add directory="include" />
				</Compiler>
				<Linker>
					<Add option="-s" />
				</Linker>
			</Target>
		</Build>
		<Compiler>
			<Add option="-Wall" />
		</Compiler>
		<Unit filename="include/Shot.h" />
		<Unit filename="include/Station.h" />
		<Unit filename="include/dataFun.h" />
		<Unit filename="include/surveyPlot.h" />
		<Unit filename="include/svgMap.h" />
		<Unit filename="include/userInterface.h" />
		<Unit filename="src/Shot.cpp" />
		<Unit filename="src/Station.cpp" />
		<Unit filename="src/dataFun.cpp" />
		<Unit filename="src/main.cpp" />
		<Unit filename="src/surveyPlot.cpp" />
		<Unit filename="src/svgMap.cpp" />
		<Unit filename="src/userInterface.cpp" />
		<Extensions>
			<code_completion />
			<debugger />
		</Extensions>
	</Project>
</CodeBlocks_project_file>
